// !$*UTF8*$!
{
	archiveVersion = 1;
	classes = {
	};
	objectVersion = 55;
	objects = {

/* Begin PBXBuildFile section */
		920B867F29AD404E00DAD3C2 /* AppDelegate.swift in Sources */ = {isa = PBXBuildFile; fileRef = 920B867E29AD404E00DAD3C2 /* AppDelegate.swift */; };
		920B868129AD404E00DAD3C2 /* SceneDelegate.swift in Sources */ = {isa = PBXBuildFile; fileRef = 920B868029AD404E00DAD3C2 /* SceneDelegate.swift */; };
		920B868329AD404E00DAD3C2 /* TrackersViewController.swift in Sources */ = {isa = PBXBuildFile; fileRef = 920B868229AD404E00DAD3C2 /* TrackersViewController.swift */; };
		920B868829AD404E00DAD3C2 /* Assets.xcassets in Resources */ = {isa = PBXBuildFile; fileRef = 920B868729AD404E00DAD3C2 /* Assets.xcassets */; };
		920B868B29AD404E00DAD3C2 /* LaunchScreen.storyboard in Resources */ = {isa = PBXBuildFile; fileRef = 920B868929AD404E00DAD3C2 /* LaunchScreen.storyboard */; };
		9254FCE92A4CC80E0079F197 /* AnalyticsService.swift in Sources */ = {isa = PBXBuildFile; fileRef = 9254FCE82A4CC80E0079F197 /* AnalyticsService.swift */; };
		9254FCEC2A4CCB0C0079F197 /* AnalyticsServiceProtocol.swift in Sources */ = {isa = PBXBuildFile; fileRef = 9254FCEB2A4CCB0C0079F197 /* AnalyticsServiceProtocol.swift */; };
		9254FCF72A54B2CA0079F197 /* TrackerAppTests.swift in Sources */ = {isa = PBXBuildFile; fileRef = 9254FCF62A54B2CA0079F197 /* TrackerAppTests.swift */; };
		9254FD002A54B32A0079F197 /* SnapshotTesting in Frameworks */ = {isa = PBXBuildFile; productRef = 9254FCFF2A54B32A0079F197 /* SnapshotTesting */; };
		9254FD042A55784D0079F197 /* FiltersViewController.swift in Sources */ = {isa = PBXBuildFile; fileRef = 9254FD032A55784D0079F197 /* FiltersViewController.swift */; };
		9254FD062A558C2E0079F197 /* Filter.swift in Sources */ = {isa = PBXBuildFile; fileRef = 9254FD052A558C2E0079F197 /* Filter.swift */; };
		9254FD082A573DD60079F197 /* StatisticsTableCell.swift in Sources */ = {isa = PBXBuildFile; fileRef = 9254FD072A573DD60079F197 /* StatisticsTableCell.swift */; };
		9254FD0A2A573FE10079F197 /* Statistics.swift in Sources */ = {isa = PBXBuildFile; fileRef = 9254FD092A573FE10079F197 /* Statistics.swift */; };
		9254FD0D2A5855990079F197 /* StatisticsService.swift in Sources */ = {isa = PBXBuildFile; fileRef = 9254FD0C2A5855990079F197 /* StatisticsService.swift */; };
		9254FD112A5858750079F197 /* StatisticsServiceProtocol.swift in Sources */ = {isa = PBXBuildFile; fileRef = 9254FD102A5858750079F197 /* StatisticsServiceProtocol.swift */; };
		9254FD162A5B43480079F197 /* AlertPresenter.swift in Sources */ = {isa = PBXBuildFile; fileRef = 9254FD152A5B43480079F197 /* AlertPresenter.swift */; };
		9254FD182A5B44D70079F197 /* AlertPresenterProtocol.swift in Sources */ = {isa = PBXBuildFile; fileRef = 9254FD172A5B44D70079F197 /* AlertPresenterProtocol.swift */; };
		9256642429F03CAA00C12005 /* Model.xcdatamodeld in Sources */ = {isa = PBXBuildFile; fileRef = 9256642229F03CAA00C12005 /* Model.xcdatamodeld */; };
		9256642729F0407100C12005 /* UIColorMarshalling.swift in Sources */ = {isa = PBXBuildFile; fileRef = 9256642629F0407100C12005 /* UIColorMarshalling.swift */; };
		9256643129F0514900C12005 /* TrackerStore.swift in Sources */ = {isa = PBXBuildFile; fileRef = 9256643029F0514900C12005 /* TrackerStore.swift */; };
		9256643329F0516B00C12005 /* CategoryStore.swift in Sources */ = {isa = PBXBuildFile; fileRef = 9256643229F0516B00C12005 /* CategoryStore.swift */; };
		9256643529F0518600C12005 /* RecordStore.swift in Sources */ = {isa = PBXBuildFile; fileRef = 9256643429F0518600C12005 /* RecordStore.swift */; };
		9256644129F2BE9500C12005 /* TrackerStoreProtocol.swift in Sources */ = {isa = PBXBuildFile; fileRef = 9256644029F2BE9500C12005 /* TrackerStoreProtocol.swift */; };
		9256644329F2BEC000C12005 /* CategoryStoreProtocol.swift in Sources */ = {isa = PBXBuildFile; fileRef = 9256644229F2BEC000C12005 /* CategoryStoreProtocol.swift */; };
		9256644629F2BF5E00C12005 /* TrackerStoreDelegate.swift in Sources */ = {isa = PBXBuildFile; fileRef = 9256644529F2BF5E00C12005 /* TrackerStoreDelegate.swift */; };
		9256644829F2BF9700C12005 /* CategoryStoreDelegate.swift in Sources */ = {isa = PBXBuildFile; fileRef = 9256644729F2BF9700C12005 /* CategoryStoreDelegate.swift */; };
		9256644A29F2BFC700C12005 /* TrackerStoreError.swift in Sources */ = {isa = PBXBuildFile; fileRef = 9256644929F2BFC700C12005 /* TrackerStoreError.swift */; };
		9256644C29F2BFEE00C12005 /* CategoryStoreError.swift in Sources */ = {isa = PBXBuildFile; fileRef = 9256644B29F2BFEE00C12005 /* CategoryStoreError.swift */; };
		9256645629F660B100C12005 /* RecordStoreProtocol.swift in Sources */ = {isa = PBXBuildFile; fileRef = 9256645529F660B100C12005 /* RecordStoreProtocol.swift */; };
		9256645829F667DD00C12005 /* RecordStoreError.swift in Sources */ = {isa = PBXBuildFile; fileRef = 9256645729F667DD00C12005 /* RecordStoreError.swift */; };
		925D35D92A0537F900A20506 /* Localizable.stringsdict in Resources */ = {isa = PBXBuildFile; fileRef = 925D35DB2A0537F900A20506 /* Localizable.stringsdict */; };
		9275A7AB29C0698A00F7FD64 /* TabBarController.swift in Sources */ = {isa = PBXBuildFile; fileRef = 9275A7AA29C0698A00F7FD64 /* TabBarController.swift */; };
		9275A7AD29C06AD600F7FD64 /* StatisticsViewController.swift in Sources */ = {isa = PBXBuildFile; fileRef = 9275A7AC29C06AD600F7FD64 /* StatisticsViewController.swift */; };
		9275A7B529C0C99C00F7FD64 /* UIColor+Extensions.swift in Sources */ = {isa = PBXBuildFile; fileRef = 9275A7B429C0C99C00F7FD64 /* UIColor+Extensions.swift */; };
		9275A7B729C0CF4700F7FD64 /* YS Display-Bold.ttf in Resources */ = {isa = PBXBuildFile; fileRef = 9275A7B629C0CF4700F7FD64 /* YS Display-Bold.ttf */; };
		9275A7BB29C0EEF800F7FD64 /* YS Display Regular.ttf in Resources */ = {isa = PBXBuildFile; fileRef = 9275A7BA29C0EEF800F7FD64 /* YS Display Regular.ttf */; };
		9275A7BD29C1FEA900F7FD64 /* YS Display-Medium.ttf in Resources */ = {isa = PBXBuildFile; fileRef = 9275A7BC29C1FEA900F7FD64 /* YS Display-Medium.ttf */; };
		9275A7C329C3132400F7FD64 /* TrackerTypeViewController.swift in Sources */ = {isa = PBXBuildFile; fileRef = 9275A7C229C3132400F7FD64 /* TrackerTypeViewController.swift */; };
		9275A7C629C34C7800F7FD64 /* Tracker.swift in Sources */ = {isa = PBXBuildFile; fileRef = 9275A7C529C34C7800F7FD64 /* Tracker.swift */; };
		9275A7C829C3510700F7FD64 /* TrackerCategory.swift in Sources */ = {isa = PBXBuildFile; fileRef = 9275A7C729C3510700F7FD64 /* TrackerCategory.swift */; };
		9275A7CA29C3569200F7FD64 /* TrackerRecord.swift in Sources */ = {isa = PBXBuildFile; fileRef = 9275A7C929C3569200F7FD64 /* TrackerRecord.swift */; };
		9275A7CC29C3660700F7FD64 /* TrackerCreationViewController.swift in Sources */ = {isa = PBXBuildFile; fileRef = 9275A7CB29C3660700F7FD64 /* TrackerCreationViewController.swift */; };
		9275A7CE29C3782F00F7FD64 /* UITextField+Extensions.swift in Sources */ = {isa = PBXBuildFile; fileRef = 9275A7CD29C3782F00F7FD64 /* UITextField+Extensions.swift */; };
		9275A7D229C4C5B800F7FD64 /* EmojiAndColorCell.swift in Sources */ = {isa = PBXBuildFile; fileRef = 9275A7D129C4C5B800F7FD64 /* EmojiAndColorCell.swift */; };
		9275A7D429C4C5DD00F7FD64 /* UIView+Extensions.swift in Sources */ = {isa = PBXBuildFile; fileRef = 9275A7D329C4C5DD00F7FD64 /* UIView+Extensions.swift */; };
		9275A7D629C650E600F7FD64 /* ButtonTableCell.swift in Sources */ = {isa = PBXBuildFile; fileRef = 9275A7D529C650E600F7FD64 /* ButtonTableCell.swift */; };
		9275A7DA29C8FDAA00F7FD64 /* TrackerCell.swift in Sources */ = {isa = PBXBuildFile; fileRef = 9275A7D929C8FDAA00F7FD64 /* TrackerCell.swift */; };
		9275A7DC29C98B4A00F7FD64 /* SupplementaryView.swift in Sources */ = {isa = PBXBuildFile; fileRef = 9275A7DB29C98B4A00F7FD64 /* SupplementaryView.swift */; };
		9275A7E029CB08C300F7FD64 /* TrackerCellDelegate.swift in Sources */ = {isa = PBXBuildFile; fileRef = 9275A7DF29CB08C300F7FD64 /* TrackerCellDelegate.swift */; };
		9275A7E629CB43BF00F7FD64 /* Date+Extensions.swift in Sources */ = {isa = PBXBuildFile; fileRef = 9275A7E529CB43BF00F7FD64 /* Date+Extensions.swift */; };
		9275A80C29CE0FBC00F7FD64 /* UIViewController+Extensions.swift in Sources */ = {isa = PBXBuildFile; fileRef = 9275A80B29CE0FBC00F7FD64 /* UIViewController+Extensions.swift */; };
		9275A80E29D2D95B00F7FD64 /* CategoriesViewController.swift in Sources */ = {isa = PBXBuildFile; fileRef = 9275A80D29D2D95B00F7FD64 /* CategoriesViewController.swift */; };
		9275A81029D2DAD000F7FD64 /* ScheduleViewController.swift in Sources */ = {isa = PBXBuildFile; fileRef = 9275A80F29D2DAD000F7FD64 /* ScheduleViewController.swift */; };
		9275A81529D2FE8000F7FD64 /* NewCategoryViewController.swift in Sources */ = {isa = PBXBuildFile; fileRef = 9275A81429D2FE8000F7FD64 /* NewCategoryViewController.swift */; };
		9275A81929D5DF4400F7FD64 /* WeekDay.swift in Sources */ = {isa = PBXBuildFile; fileRef = 9275A81829D5DF4400F7FD64 /* WeekDay.swift */; };
		9275A81D29D5E5F000F7FD64 /* Array+Extensions.swift in Sources */ = {isa = PBXBuildFile; fileRef = 9275A81C29D5E5F000F7FD64 /* Array+Extensions.swift */; };
		927BA0B52A4A0630000D79E3 /* InfoPlist.strings in Resources */ = {isa = PBXBuildFile; fileRef = 927BA0B72A4A0630000D79E3 /* InfoPlist.strings */; };
		927BA0BB2A4A22EB000D79E3 /* Localizable.strings in Resources */ = {isa = PBXBuildFile; fileRef = 927BA0BD2A4A22EB000D79E3 /* Localizable.strings */; };
		927BA0C02A4A234B000D79E3 /* Localization.swift in Sources */ = {isa = PBXBuildFile; fileRef = 927BA0BF2A4A234B000D79E3 /* Localization.swift */; };
		927BA0C22A4A2992000D79E3 /* Images.swift in Sources */ = {isa = PBXBuildFile; fileRef = 927BA0C12A4A2992000D79E3 /* Images.swift */; };
		927BA0C42A4A2E2B000D79E3 /* Fonts.swift in Sources */ = {isa = PBXBuildFile; fileRef = 927BA0C32A4A2E2B000D79E3 /* Fonts.swift */; };
		927BA0C62A4ACEDC000D79E3 /* Constants.swift in Sources */ = {isa = PBXBuildFile; fileRef = 927BA0C52A4ACEDC000D79E3 /* Constants.swift */; };
		92D0E42A2A0044C300152FB6 /* CategoriesViewModel.swift in Sources */ = {isa = PBXBuildFile; fileRef = 92D0E4292A0044C300152FB6 /* CategoriesViewModel.swift */; };
		92D0E42C2A004D0900152FB6 /* ObservableWrapper.swift in Sources */ = {isa = PBXBuildFile; fileRef = 92D0E42B2A004D0900152FB6 /* ObservableWrapper.swift */; };
		92D0E42E2A00F3FC00152FB6 /* CategoryViewModel.swift in Sources */ = {isa = PBXBuildFile; fileRef = 92D0E42D2A00F3FC00152FB6 /* CategoryViewModel.swift */; };
		92D0E4302A0179BE00152FB6 /* CategoriesViewModelProtocol.swift in Sources */ = {isa = PBXBuildFile; fileRef = 92D0E42F2A0179BE00152FB6 /* CategoriesViewModelProtocol.swift */; };
		92D0E4322A02449300152FB6 /* OnboardingPageViewController.swift in Sources */ = {isa = PBXBuildFile; fileRef = 92D0E4312A02449300152FB6 /* OnboardingPageViewController.swift */; };
		92D0E4342A0245BE00152FB6 /* OnboardingPage.swift in Sources */ = {isa = PBXBuildFile; fileRef = 92D0E4332A0245BE00152FB6 /* OnboardingPage.swift */; };
		92D0E4362A024B7400152FB6 /* UIFont+Extensions.swift in Sources */ = {isa = PBXBuildFile; fileRef = 92D0E4352A024B7400152FB6 /* UIFont+Extensions.swift */; };
		92DB0DDB29FE92E600877A94 /* OnboardingViewController.swift in Sources */ = {isa = PBXBuildFile; fileRef = 92DB0DDA29FE92E600877A94 /* OnboardingViewController.swift */; };
		92DB0DDF29FEB84000877A94 /* UserDefaults+Extensions.swift in Sources */ = {isa = PBXBuildFile; fileRef = 92DB0DDE29FEB84000877A94 /* UserDefaults+Extensions.swift */; };
		A1322D0B369D09856419CD1C /* Pods_TrackerApp.framework in Frameworks */ = {isa = PBXBuildFile; fileRef = 49514D5B66287FEECF12E723 /* Pods_TrackerApp.framework */; };
/* End PBXBuildFile section */

/* Begin PBXContainerItemProxy section */
		9254FCF82A54B2CA0079F197 /* PBXContainerItemProxy */ = {
			isa = PBXContainerItemProxy;
			containerPortal = 920B867329AD404E00DAD3C2 /* Project object */;
			proxyType = 1;
			remoteGlobalIDString = 920B867A29AD404E00DAD3C2;
			remoteInfo = TrackerApp;
		};
/* End PBXContainerItemProxy section */

/* Begin PBXFileReference section */
		49514D5B66287FEECF12E723 /* Pods_TrackerApp.framework */ = {isa = PBXFileReference; explicitFileType = wrapper.framework; includeInIndex = 0; path = Pods_TrackerApp.framework; sourceTree = BUILT_PRODUCTS_DIR; };
		920B867B29AD404E00DAD3C2 /* TrackerApp.app */ = {isa = PBXFileReference; explicitFileType = wrapper.application; includeInIndex = 0; path = TrackerApp.app; sourceTree = BUILT_PRODUCTS_DIR; };
		920B867E29AD404E00DAD3C2 /* AppDelegate.swift */ = {isa = PBXFileReference; lastKnownFileType = sourcecode.swift; path = AppDelegate.swift; sourceTree = "<group>"; };
		920B868029AD404E00DAD3C2 /* SceneDelegate.swift */ = {isa = PBXFileReference; lastKnownFileType = sourcecode.swift; path = SceneDelegate.swift; sourceTree = "<group>"; };
		920B868229AD404E00DAD3C2 /* TrackersViewController.swift */ = {isa = PBXFileReference; lastKnownFileType = sourcecode.swift; path = TrackersViewController.swift; sourceTree = "<group>"; };
		920B868729AD404E00DAD3C2 /* Assets.xcassets */ = {isa = PBXFileReference; lastKnownFileType = folder.assetcatalog; path = Assets.xcassets; sourceTree = "<group>"; };
		920B868A29AD404E00DAD3C2 /* Base */ = {isa = PBXFileReference; lastKnownFileType = file.storyboard; name = Base; path = Base.lproj/LaunchScreen.storyboard; sourceTree = "<group>"; };
		920B868C29AD404E00DAD3C2 /* Info.plist */ = {isa = PBXFileReference; lastKnownFileType = text.plist.xml; path = Info.plist; sourceTree = "<group>"; };
		9254FCE82A4CC80E0079F197 /* AnalyticsService.swift */ = {isa = PBXFileReference; lastKnownFileType = sourcecode.swift; path = AnalyticsService.swift; sourceTree = "<group>"; };
		9254FCEB2A4CCB0C0079F197 /* AnalyticsServiceProtocol.swift */ = {isa = PBXFileReference; lastKnownFileType = sourcecode.swift; path = AnalyticsServiceProtocol.swift; sourceTree = "<group>"; };
		9254FCF42A54B2CA0079F197 /* TrackerAppTests.xctest */ = {isa = PBXFileReference; explicitFileType = wrapper.cfbundle; includeInIndex = 0; path = TrackerAppTests.xctest; sourceTree = BUILT_PRODUCTS_DIR; };
		9254FCF62A54B2CA0079F197 /* TrackerAppTests.swift */ = {isa = PBXFileReference; lastKnownFileType = sourcecode.swift; path = TrackerAppTests.swift; sourceTree = "<group>"; };
		9254FD032A55784D0079F197 /* FiltersViewController.swift */ = {isa = PBXFileReference; lastKnownFileType = sourcecode.swift; path = FiltersViewController.swift; sourceTree = "<group>"; };
		9254FD052A558C2E0079F197 /* Filter.swift */ = {isa = PBXFileReference; lastKnownFileType = sourcecode.swift; path = Filter.swift; sourceTree = "<group>"; };
		9254FD072A573DD60079F197 /* StatisticsTableCell.swift */ = {isa = PBXFileReference; lastKnownFileType = sourcecode.swift; path = StatisticsTableCell.swift; sourceTree = "<group>"; };
		9254FD092A573FE10079F197 /* Statistics.swift */ = {isa = PBXFileReference; lastKnownFileType = sourcecode.swift; path = Statistics.swift; sourceTree = "<group>"; };
		9254FD0C2A5855990079F197 /* StatisticsService.swift */ = {isa = PBXFileReference; lastKnownFileType = sourcecode.swift; path = StatisticsService.swift; sourceTree = "<group>"; };
		9254FD102A5858750079F197 /* StatisticsServiceProtocol.swift */ = {isa = PBXFileReference; lastKnownFileType = sourcecode.swift; path = StatisticsServiceProtocol.swift; sourceTree = "<group>"; };
		9254FD152A5B43480079F197 /* AlertPresenter.swift */ = {isa = PBXFileReference; lastKnownFileType = sourcecode.swift; path = AlertPresenter.swift; sourceTree = "<group>"; };
		9254FD172A5B44D70079F197 /* AlertPresenterProtocol.swift */ = {isa = PBXFileReference; lastKnownFileType = sourcecode.swift; path = AlertPresenterProtocol.swift; sourceTree = "<group>"; };
		9256642329F03CAA00C12005 /* Model.xcdatamodel */ = {isa = PBXFileReference; lastKnownFileType = wrapper.xcdatamodel; path = Model.xcdatamodel; sourceTree = "<group>"; };
		9256642629F0407100C12005 /* UIColorMarshalling.swift */ = {isa = PBXFileReference; lastKnownFileType = sourcecode.swift; path = UIColorMarshalling.swift; sourceTree = "<group>"; };
		9256643029F0514900C12005 /* TrackerStore.swift */ = {isa = PBXFileReference; lastKnownFileType = sourcecode.swift; path = TrackerStore.swift; sourceTree = "<group>"; };
		9256643229F0516B00C12005 /* CategoryStore.swift */ = {isa = PBXFileReference; lastKnownFileType = sourcecode.swift; path = CategoryStore.swift; sourceTree = "<group>"; };
		9256643429F0518600C12005 /* RecordStore.swift */ = {isa = PBXFileReference; lastKnownFileType = sourcecode.swift; path = RecordStore.swift; sourceTree = "<group>"; };
		9256644029F2BE9500C12005 /* TrackerStoreProtocol.swift */ = {isa = PBXFileReference; lastKnownFileType = sourcecode.swift; path = TrackerStoreProtocol.swift; sourceTree = "<group>"; };
		9256644229F2BEC000C12005 /* CategoryStoreProtocol.swift */ = {isa = PBXFileReference; lastKnownFileType = sourcecode.swift; path = CategoryStoreProtocol.swift; sourceTree = "<group>"; };
		9256644529F2BF5E00C12005 /* TrackerStoreDelegate.swift */ = {isa = PBXFileReference; lastKnownFileType = sourcecode.swift; path = TrackerStoreDelegate.swift; sourceTree = "<group>"; };
		9256644729F2BF9700C12005 /* CategoryStoreDelegate.swift */ = {isa = PBXFileReference; lastKnownFileType = sourcecode.swift; path = CategoryStoreDelegate.swift; sourceTree = "<group>"; };
		9256644929F2BFC700C12005 /* TrackerStoreError.swift */ = {isa = PBXFileReference; lastKnownFileType = sourcecode.swift; path = TrackerStoreError.swift; sourceTree = "<group>"; };
		9256644B29F2BFEE00C12005 /* CategoryStoreError.swift */ = {isa = PBXFileReference; lastKnownFileType = sourcecode.swift; path = CategoryStoreError.swift; sourceTree = "<group>"; };
		9256645529F660B100C12005 /* RecordStoreProtocol.swift */ = {isa = PBXFileReference; lastKnownFileType = sourcecode.swift; path = RecordStoreProtocol.swift; sourceTree = "<group>"; };
		9256645729F667DD00C12005 /* RecordStoreError.swift */ = {isa = PBXFileReference; lastKnownFileType = sourcecode.swift; path = RecordStoreError.swift; sourceTree = "<group>"; };
		925D35DA2A0537F900A20506 /* en */ = {isa = PBXFileReference; lastKnownFileType = text.plist.stringsdict; name = en; path = en.lproj/Localizable.stringsdict; sourceTree = "<group>"; };
		925D35DC2A05381000A20506 /* ru */ = {isa = PBXFileReference; lastKnownFileType = text.plist.stringsdict; name = ru; path = ru.lproj/Localizable.stringsdict; sourceTree = "<group>"; };
		9275A7AA29C0698A00F7FD64 /* TabBarController.swift */ = {isa = PBXFileReference; lastKnownFileType = sourcecode.swift; path = TabBarController.swift; sourceTree = "<group>"; };
		9275A7AC29C06AD600F7FD64 /* StatisticsViewController.swift */ = {isa = PBXFileReference; lastKnownFileType = sourcecode.swift; path = StatisticsViewController.swift; sourceTree = "<group>"; };
		9275A7B429C0C99C00F7FD64 /* UIColor+Extensions.swift */ = {isa = PBXFileReference; lastKnownFileType = sourcecode.swift; path = "UIColor+Extensions.swift"; sourceTree = "<group>"; };
		9275A7B629C0CF4700F7FD64 /* YS Display-Bold.ttf */ = {isa = PBXFileReference; lastKnownFileType = file; path = "YS Display-Bold.ttf"; sourceTree = "<group>"; };
		9275A7BA29C0EEF800F7FD64 /* YS Display Regular.ttf */ = {isa = PBXFileReference; lastKnownFileType = file; path = "YS Display Regular.ttf"; sourceTree = "<group>"; };
		9275A7BC29C1FEA900F7FD64 /* YS Display-Medium.ttf */ = {isa = PBXFileReference; lastKnownFileType = file; path = "YS Display-Medium.ttf"; sourceTree = "<group>"; };
		9275A7C229C3132400F7FD64 /* TrackerTypeViewController.swift */ = {isa = PBXFileReference; lastKnownFileType = sourcecode.swift; path = TrackerTypeViewController.swift; sourceTree = "<group>"; };
		9275A7C529C34C7800F7FD64 /* Tracker.swift */ = {isa = PBXFileReference; lastKnownFileType = sourcecode.swift; path = Tracker.swift; sourceTree = "<group>"; };
		9275A7C729C3510700F7FD64 /* TrackerCategory.swift */ = {isa = PBXFileReference; lastKnownFileType = sourcecode.swift; path = TrackerCategory.swift; sourceTree = "<group>"; };
		9275A7C929C3569200F7FD64 /* TrackerRecord.swift */ = {isa = PBXFileReference; lastKnownFileType = sourcecode.swift; path = TrackerRecord.swift; sourceTree = "<group>"; };
		9275A7CB29C3660700F7FD64 /* TrackerCreationViewController.swift */ = {isa = PBXFileReference; lastKnownFileType = sourcecode.swift; path = TrackerCreationViewController.swift; sourceTree = "<group>"; };
		9275A7CD29C3782F00F7FD64 /* UITextField+Extensions.swift */ = {isa = PBXFileReference; lastKnownFileType = sourcecode.swift; path = "UITextField+Extensions.swift"; sourceTree = "<group>"; };
		9275A7D129C4C5B800F7FD64 /* EmojiAndColorCell.swift */ = {isa = PBXFileReference; lastKnownFileType = sourcecode.swift; path = EmojiAndColorCell.swift; sourceTree = "<group>"; };
		9275A7D329C4C5DD00F7FD64 /* UIView+Extensions.swift */ = {isa = PBXFileReference; lastKnownFileType = sourcecode.swift; path = "UIView+Extensions.swift"; sourceTree = "<group>"; };
		9275A7D529C650E600F7FD64 /* ButtonTableCell.swift */ = {isa = PBXFileReference; lastKnownFileType = sourcecode.swift; path = ButtonTableCell.swift; sourceTree = "<group>"; };
		9275A7D929C8FDAA00F7FD64 /* TrackerCell.swift */ = {isa = PBXFileReference; lastKnownFileType = sourcecode.swift; path = TrackerCell.swift; sourceTree = "<group>"; };
		9275A7DB29C98B4A00F7FD64 /* SupplementaryView.swift */ = {isa = PBXFileReference; lastKnownFileType = sourcecode.swift; path = SupplementaryView.swift; sourceTree = "<group>"; };
		9275A7DF29CB08C300F7FD64 /* TrackerCellDelegate.swift */ = {isa = PBXFileReference; lastKnownFileType = sourcecode.swift; path = TrackerCellDelegate.swift; sourceTree = "<group>"; };
		9275A7E529CB43BF00F7FD64 /* Date+Extensions.swift */ = {isa = PBXFileReference; lastKnownFileType = sourcecode.swift; path = "Date+Extensions.swift"; sourceTree = "<group>"; };
		9275A80B29CE0FBC00F7FD64 /* UIViewController+Extensions.swift */ = {isa = PBXFileReference; lastKnownFileType = sourcecode.swift; path = "UIViewController+Extensions.swift"; sourceTree = "<group>"; };
		9275A80D29D2D95B00F7FD64 /* CategoriesViewController.swift */ = {isa = PBXFileReference; lastKnownFileType = sourcecode.swift; path = CategoriesViewController.swift; sourceTree = "<group>"; };
		9275A80F29D2DAD000F7FD64 /* ScheduleViewController.swift */ = {isa = PBXFileReference; lastKnownFileType = sourcecode.swift; path = ScheduleViewController.swift; sourceTree = "<group>"; };
		9275A81429D2FE8000F7FD64 /* NewCategoryViewController.swift */ = {isa = PBXFileReference; lastKnownFileType = sourcecode.swift; path = NewCategoryViewController.swift; sourceTree = "<group>"; };
		9275A81829D5DF4400F7FD64 /* WeekDay.swift */ = {isa = PBXFileReference; lastKnownFileType = sourcecode.swift; path = WeekDay.swift; sourceTree = "<group>"; };
		9275A81C29D5E5F000F7FD64 /* Array+Extensions.swift */ = {isa = PBXFileReference; lastKnownFileType = sourcecode.swift; path = "Array+Extensions.swift"; sourceTree = "<group>"; };
		927BA0B62A4A0630000D79E3 /* en */ = {isa = PBXFileReference; lastKnownFileType = text.plist.strings; name = en; path = en.lproj/InfoPlist.strings; sourceTree = "<group>"; };
		927BA0B82A4A0636000D79E3 /* ru */ = {isa = PBXFileReference; lastKnownFileType = text.plist.strings; name = ru; path = ru.lproj/InfoPlist.strings; sourceTree = "<group>"; };
		927BA0BC2A4A22EB000D79E3 /* en */ = {isa = PBXFileReference; lastKnownFileType = text.plist.strings; name = en; path = en.lproj/Localizable.strings; sourceTree = "<group>"; };
		927BA0BE2A4A22F0000D79E3 /* ru */ = {isa = PBXFileReference; lastKnownFileType = text.plist.strings; name = ru; path = ru.lproj/Localizable.strings; sourceTree = "<group>"; };
		927BA0BF2A4A234B000D79E3 /* Localization.swift */ = {isa = PBXFileReference; lastKnownFileType = sourcecode.swift; path = Localization.swift; sourceTree = "<group>"; };
		927BA0C12A4A2992000D79E3 /* Images.swift */ = {isa = PBXFileReference; lastKnownFileType = sourcecode.swift; path = Images.swift; sourceTree = "<group>"; };
		927BA0C32A4A2E2B000D79E3 /* Fonts.swift */ = {isa = PBXFileReference; lastKnownFileType = sourcecode.swift; path = Fonts.swift; sourceTree = "<group>"; };
		927BA0C52A4ACEDC000D79E3 /* Constants.swift */ = {isa = PBXFileReference; lastKnownFileType = sourcecode.swift; path = Constants.swift; sourceTree = "<group>"; };
		92D0E4292A0044C300152FB6 /* CategoriesViewModel.swift */ = {isa = PBXFileReference; lastKnownFileType = sourcecode.swift; path = CategoriesViewModel.swift; sourceTree = "<group>"; };
		92D0E42B2A004D0900152FB6 /* ObservableWrapper.swift */ = {isa = PBXFileReference; lastKnownFileType = sourcecode.swift; path = ObservableWrapper.swift; sourceTree = "<group>"; };
		92D0E42D2A00F3FC00152FB6 /* CategoryViewModel.swift */ = {isa = PBXFileReference; lastKnownFileType = sourcecode.swift; path = CategoryViewModel.swift; sourceTree = "<group>"; };
		92D0E42F2A0179BE00152FB6 /* CategoriesViewModelProtocol.swift */ = {isa = PBXFileReference; lastKnownFileType = sourcecode.swift; path = CategoriesViewModelProtocol.swift; sourceTree = "<group>"; };
		92D0E4312A02449300152FB6 /* OnboardingPageViewController.swift */ = {isa = PBXFileReference; lastKnownFileType = sourcecode.swift; path = OnboardingPageViewController.swift; sourceTree = "<group>"; };
		92D0E4332A0245BE00152FB6 /* OnboardingPage.swift */ = {isa = PBXFileReference; lastKnownFileType = sourcecode.swift; path = OnboardingPage.swift; sourceTree = "<group>"; };
		92D0E4352A024B7400152FB6 /* UIFont+Extensions.swift */ = {isa = PBXFileReference; lastKnownFileType = sourcecode.swift; path = "UIFont+Extensions.swift"; sourceTree = "<group>"; };
		92DB0DDA29FE92E600877A94 /* OnboardingViewController.swift */ = {isa = PBXFileReference; lastKnownFileType = sourcecode.swift; path = OnboardingViewController.swift; sourceTree = "<group>"; };
		92DB0DDE29FEB84000877A94 /* UserDefaults+Extensions.swift */ = {isa = PBXFileReference; lastKnownFileType = sourcecode.swift; path = "UserDefaults+Extensions.swift"; sourceTree = "<group>"; };
		A48ADC9FE8D37860E97AC529 /* Pods-TrackerApp.release.xcconfig */ = {isa = PBXFileReference; includeInIndex = 1; lastKnownFileType = text.xcconfig; name = "Pods-TrackerApp.release.xcconfig"; path = "Target Support Files/Pods-TrackerApp/Pods-TrackerApp.release.xcconfig"; sourceTree = "<group>"; };
		D46DAE6845E1A2DD7EB77D5D /* Pods-TrackerApp.debug.xcconfig */ = {isa = PBXFileReference; includeInIndex = 1; lastKnownFileType = text.xcconfig; name = "Pods-TrackerApp.debug.xcconfig"; path = "Target Support Files/Pods-TrackerApp/Pods-TrackerApp.debug.xcconfig"; sourceTree = "<group>"; };
/* End PBXFileReference section */

/* Begin PBXFrameworksBuildPhase section */
		920B867829AD404E00DAD3C2 /* Frameworks */ = {
			isa = PBXFrameworksBuildPhase;
			buildActionMask = 2147483647;
			files = (
				A1322D0B369D09856419CD1C /* Pods_TrackerApp.framework in Frameworks */,
			);
			runOnlyForDeploymentPostprocessing = 0;
		};
		9254FCF12A54B2CA0079F197 /* Frameworks */ = {
			isa = PBXFrameworksBuildPhase;
			buildActionMask = 2147483647;
			files = (
				9254FD002A54B32A0079F197 /* SnapshotTesting in Frameworks */,
			);
			runOnlyForDeploymentPostprocessing = 0;
		};
/* End PBXFrameworksBuildPhase section */

/* Begin PBXGroup section */
		2606E7E3B39CCC0CA27CE87B /* Frameworks */ = {
			isa = PBXGroup;
			children = (
				49514D5B66287FEECF12E723 /* Pods_TrackerApp.framework */,
			);
			name = Frameworks;
			sourceTree = "<group>";
		};
		3A00939230BF0A31BC3441A6 /* Pods */ = {
			isa = PBXGroup;
			children = (
				D46DAE6845E1A2DD7EB77D5D /* Pods-TrackerApp.debug.xcconfig */,
				A48ADC9FE8D37860E97AC529 /* Pods-TrackerApp.release.xcconfig */,
			);
			path = Pods;
			sourceTree = "<group>";
		};
		920B867229AD404E00DAD3C2 = {
			isa = PBXGroup;
			children = (
				920B867D29AD404E00DAD3C2 /* TrackerApp */,
				9254FCF52A54B2CA0079F197 /* TrackerAppTests */,
				920B867C29AD404E00DAD3C2 /* Products */,
				3A00939230BF0A31BC3441A6 /* Pods */,
				2606E7E3B39CCC0CA27CE87B /* Frameworks */,
			);
			sourceTree = "<group>";
		};
		920B867C29AD404E00DAD3C2 /* Products */ = {
			isa = PBXGroup;
			children = (
				920B867B29AD404E00DAD3C2 /* TrackerApp.app */,
				9254FCF42A54B2CA0079F197 /* TrackerAppTests.xctest */,
			);
			name = Products;
			sourceTree = "<group>";
		};
		920B867D29AD404E00DAD3C2 /* TrackerApp */ = {
			isa = PBXGroup;
			children = (
				92DB0DD929FE92C300877A94 /* Onboarding */,
				9275A7B129C06B6100F7FD64 /* Navigation */,
				9275A7AF29C06B0D00F7FD64 /* Trackers */,
				9275A7B029C06B4C00F7FD64 /* Statistics */,
				92A85E7229DC382000ADB1CC /* Services */,
				9275A7C429C34C5D00F7FD64 /* Models */,
				9275A7B329C0C97700F7FD64 /* Helpers */,
				9256642529F03CB500C12005 /* CoreData */,
				9275A7B929C0CF5F00F7FD64 /* Resources */,
				920B867E29AD404E00DAD3C2 /* AppDelegate.swift */,
				920B868029AD404E00DAD3C2 /* SceneDelegate.swift */,
				920B868729AD404E00DAD3C2 /* Assets.xcassets */,
				920B868929AD404E00DAD3C2 /* LaunchScreen.storyboard */,
				920B868C29AD404E00DAD3C2 /* Info.plist */,
			);
			path = TrackerApp;
			sourceTree = "<group>";
		};
		9254FCEA2A4CCAE60079F197 /* AnalyticsService */ = {
			isa = PBXGroup;
			children = (
				9254FCE82A4CC80E0079F197 /* AnalyticsService.swift */,
				9254FCEB2A4CCB0C0079F197 /* AnalyticsServiceProtocol.swift */,
			);
			path = AnalyticsService;
			sourceTree = "<group>";
		};
		9254FCF52A54B2CA0079F197 /* TrackerAppTests */ = {
			isa = PBXGroup;
			children = (
				9254FCF62A54B2CA0079F197 /* TrackerAppTests.swift */,
			);
			path = TrackerAppTests;
			sourceTree = "<group>";
		};
		9254FD0B2A5855750079F197 /* StatisticsService */ = {
			isa = PBXGroup;
			children = (
				9254FD0C2A5855990079F197 /* StatisticsService.swift */,
				9254FD102A5858750079F197 /* StatisticsServiceProtocol.swift */,
			);
			path = StatisticsService;
			sourceTree = "<group>";
		};
		9254FD142A5B431E0079F197 /* AlertPresenter */ = {
			isa = PBXGroup;
			children = (
				9254FD152A5B43480079F197 /* AlertPresenter.swift */,
				9254FD172A5B44D70079F197 /* AlertPresenterProtocol.swift */,
			);
			path = AlertPresenter;
			sourceTree = "<group>";
		};
		9256642529F03CB500C12005 /* CoreData */ = {
			isa = PBXGroup;
			children = (
				9256642229F03CAA00C12005 /* Model.xcdatamodeld */,
			);
			path = CoreData;
			sourceTree = "<group>";
		};
		9256643E29F2BE5E00C12005 /* TrackerStore */ = {
			isa = PBXGroup;
			children = (
				9256643029F0514900C12005 /* TrackerStore.swift */,
				9256644029F2BE9500C12005 /* TrackerStoreProtocol.swift */,
				9256644529F2BF5E00C12005 /* TrackerStoreDelegate.swift */,
				9256644929F2BFC700C12005 /* TrackerStoreError.swift */,
			);
			path = TrackerStore;
			sourceTree = "<group>";
		};
		9256643F29F2BE6E00C12005 /* Model */ = {
			isa = PBXGroup;
			children = (
				9256643229F0516B00C12005 /* CategoryStore.swift */,
				9256644229F2BEC000C12005 /* CategoryStoreProtocol.swift */,
				9256644729F2BF9700C12005 /* CategoryStoreDelegate.swift */,
				9256644B29F2BFEE00C12005 /* CategoryStoreError.swift */,
			);
			path = Model;
			sourceTree = "<group>";
		};
		9256644429F2BF2400C12005 /* RecordStore */ = {
			isa = PBXGroup;
			children = (
				9256643429F0518600C12005 /* RecordStore.swift */,
				9256645529F660B100C12005 /* RecordStoreProtocol.swift */,
				9256645729F667DD00C12005 /* RecordStoreError.swift */,
			);
			path = RecordStore;
			sourceTree = "<group>";
		};
		9275A7AF29C06B0D00F7FD64 /* Trackers */ = {
			isa = PBXGroup;
			children = (
				920B868229AD404E00DAD3C2 /* TrackersViewController.swift */,
				9275A7D929C8FDAA00F7FD64 /* TrackerCell.swift */,
				9275A7DF29CB08C300F7FD64 /* TrackerCellDelegate.swift */,
				9275A7DB29C98B4A00F7FD64 /* SupplementaryView.swift */,
				9275A7C229C3132400F7FD64 /* TrackerTypeViewController.swift */,
				9275A7CB29C3660700F7FD64 /* TrackerCreationViewController.swift */,
				92D0E4262A00429300152FB6 /* Categories-MVVM */,
				9275A81429D2FE8000F7FD64 /* NewCategoryViewController.swift */,
				9275A80F29D2DAD000F7FD64 /* ScheduleViewController.swift */,
				9275A7D529C650E600F7FD64 /* ButtonTableCell.swift */,
				9275A7D129C4C5B800F7FD64 /* EmojiAndColorCell.swift */,
				9254FD032A55784D0079F197 /* FiltersViewController.swift */,
			);
			path = Trackers;
			sourceTree = "<group>";
		};
		9275A7B029C06B4C00F7FD64 /* Statistics */ = {
			isa = PBXGroup;
			children = (
				9275A7AC29C06AD600F7FD64 /* StatisticsViewController.swift */,
				9254FD072A573DD60079F197 /* StatisticsTableCell.swift */,
			);
			path = Statistics;
			sourceTree = "<group>";
		};
		9275A7B129C06B6100F7FD64 /* Navigation */ = {
			isa = PBXGroup;
			children = (
				9275A7AA29C0698A00F7FD64 /* TabBarController.swift */,
			);
			path = Navigation;
			sourceTree = "<group>";
		};
		9275A7B329C0C97700F7FD64 /* Helpers */ = {
			isa = PBXGroup;
			children = (
				9275A7B429C0C99C00F7FD64 /* UIColor+Extensions.swift */,
				9275A7CD29C3782F00F7FD64 /* UITextField+Extensions.swift */,
				9275A7D329C4C5DD00F7FD64 /* UIView+Extensions.swift */,
				9275A7E529CB43BF00F7FD64 /* Date+Extensions.swift */,
				9275A80B29CE0FBC00F7FD64 /* UIViewController+Extensions.swift */,
				9275A81C29D5E5F000F7FD64 /* Array+Extensions.swift */,
				9256642629F0407100C12005 /* UIColorMarshalling.swift */,
				92DB0DDE29FEB84000877A94 /* UserDefaults+Extensions.swift */,
				92D0E4352A024B7400152FB6 /* UIFont+Extensions.swift */,
			);
			path = Helpers;
			sourceTree = "<group>";
		};
		9275A7B829C0CF5100F7FD64 /* Fonts */ = {
			isa = PBXGroup;
			children = (
				9275A7B629C0CF4700F7FD64 /* YS Display-Bold.ttf */,
				9275A7BC29C1FEA900F7FD64 /* YS Display-Medium.ttf */,
				9275A7BA29C0EEF800F7FD64 /* YS Display Regular.ttf */,
			);
			path = Fonts;
			sourceTree = "<group>";
		};
		9275A7B929C0CF5F00F7FD64 /* Resources */ = {
			isa = PBXGroup;
			children = (
				9275A7B829C0CF5100F7FD64 /* Fonts */,
				925D35DB2A0537F900A20506 /* Localizable.stringsdict */,
				927BA0B72A4A0630000D79E3 /* InfoPlist.strings */,
				927BA0BD2A4A22EB000D79E3 /* Localizable.strings */,
				927BA0BF2A4A234B000D79E3 /* Localization.swift */,
				927BA0C12A4A2992000D79E3 /* Images.swift */,
				927BA0C32A4A2E2B000D79E3 /* Fonts.swift */,
				927BA0C52A4ACEDC000D79E3 /* Constants.swift */,
			);
			path = Resources;
			sourceTree = "<group>";
		};
		9275A7C429C34C5D00F7FD64 /* Models */ = {
			isa = PBXGroup;
			children = (
				9275A7C529C34C7800F7FD64 /* Tracker.swift */,
				9275A7C729C3510700F7FD64 /* TrackerCategory.swift */,
				9275A7C929C3569200F7FD64 /* TrackerRecord.swift */,
				9275A81829D5DF4400F7FD64 /* WeekDay.swift */,
				9254FD052A558C2E0079F197 /* Filter.swift */,
				9254FD092A573FE10079F197 /* Statistics.swift */,
			);
			path = Models;
			sourceTree = "<group>";
		};
		92A85E7229DC382000ADB1CC /* Services */ = {
			isa = PBXGroup;
			children = (
				9256643E29F2BE5E00C12005 /* TrackerStore */,
				9256644429F2BF2400C12005 /* RecordStore */,
				9254FCEA2A4CCAE60079F197 /* AnalyticsService */,
				9254FD0B2A5855750079F197 /* StatisticsService */,
				9254FD142A5B431E0079F197 /* AlertPresenter */,
			);
			path = Services;
			sourceTree = "<group>";
		};
		92D0E4262A00429300152FB6 /* Categories-MVVM */ = {
			isa = PBXGroup;
			children = (
				9256643F29F2BE6E00C12005 /* Model */,
				92D0E4272A0042F600152FB6 /* View */,
				92D0E4282A00430000152FB6 /* ViewModel */,
			);
			path = "Categories-MVVM";
			sourceTree = "<group>";
		};
		92D0E4272A0042F600152FB6 /* View */ = {
			isa = PBXGroup;
			children = (
				9275A80D29D2D95B00F7FD64 /* CategoriesViewController.swift */,
			);
			path = View;
			sourceTree = "<group>";
		};
		92D0E4282A00430000152FB6 /* ViewModel */ = {
			isa = PBXGroup;
			children = (
				92D0E4292A0044C300152FB6 /* CategoriesViewModel.swift */,
				92D0E42F2A0179BE00152FB6 /* CategoriesViewModelProtocol.swift */,
				92D0E42D2A00F3FC00152FB6 /* CategoryViewModel.swift */,
				92D0E42B2A004D0900152FB6 /* ObservableWrapper.swift */,
			);
			path = ViewModel;
			sourceTree = "<group>";
		};
		92DB0DD929FE92C300877A94 /* Onboarding */ = {
			isa = PBXGroup;
			children = (
				92DB0DDA29FE92E600877A94 /* OnboardingViewController.swift */,
				92D0E4312A02449300152FB6 /* OnboardingPageViewController.swift */,
				92D0E4332A0245BE00152FB6 /* OnboardingPage.swift */,
			);
			path = Onboarding;
			sourceTree = "<group>";
		};
/* End PBXGroup section */

/* Begin PBXNativeTarget section */
		920B867A29AD404E00DAD3C2 /* TrackerApp */ = {
			isa = PBXNativeTarget;
			buildConfigurationList = 920B868F29AD404E00DAD3C2 /* Build configuration list for PBXNativeTarget "TrackerApp" */;
			buildPhases = (
				DB2D0B8DA049B8BE13E9EEF4 /* [CP] Check Pods Manifest.lock */,
				920B867729AD404E00DAD3C2 /* Sources */,
				920B867829AD404E00DAD3C2 /* Frameworks */,
				920B867929AD404E00DAD3C2 /* Resources */,
				7B33559363CF98FBDFB6AF18 /* [CP] Embed Pods Frameworks */,
			);
			buildRules = (
			);
			dependencies = (
			);
			name = TrackerApp;
			packageProductDependencies = (
			);
			productName = TrackerApp;
			productReference = 920B867B29AD404E00DAD3C2 /* TrackerApp.app */;
			productType = "com.apple.product-type.application";
		};
		9254FCF32A54B2CA0079F197 /* TrackerAppTests */ = {
			isa = PBXNativeTarget;
			buildConfigurationList = 9254FCFA2A54B2CA0079F197 /* Build configuration list for PBXNativeTarget "TrackerAppTests" */;
			buildPhases = (
				9254FCF02A54B2CA0079F197 /* Sources */,
				9254FCF12A54B2CA0079F197 /* Frameworks */,
				9254FCF22A54B2CA0079F197 /* Resources */,
			);
			buildRules = (
			);
			dependencies = (
				9254FCF92A54B2CA0079F197 /* PBXTargetDependency */,
			);
			name = TrackerAppTests;
			packageProductDependencies = (
				9254FCFF2A54B32A0079F197 /* SnapshotTesting */,
			);
			productName = TrackerAppTests;
			productReference = 9254FCF42A54B2CA0079F197 /* TrackerAppTests.xctest */;
			productType = "com.apple.product-type.bundle.unit-test";
		};
/* End PBXNativeTarget section */

/* Begin PBXProject section */
		920B867329AD404E00DAD3C2 /* Project object */ = {
			isa = PBXProject;
			attributes = {
				BuildIndependentTargetsInParallel = 1;
				LastSwiftUpdateCheck = 1420;
				LastUpgradeCheck = 1340;
				TargetAttributes = {
					920B867A29AD404E00DAD3C2 = {
						CreatedOnToolsVersion = 13.4.1;
					};
					9254FCF32A54B2CA0079F197 = {
						CreatedOnToolsVersion = 14.2;
						TestTargetID = 920B867A29AD404E00DAD3C2;
					};
				};
			};
			buildConfigurationList = 920B867629AD404E00DAD3C2 /* Build configuration list for PBXProject "TrackerApp" */;
			compatibilityVersion = "Xcode 13.0";
			developmentRegion = en;
			hasScannedForEncodings = 0;
			knownRegions = (
				en,
				Base,
				ru,
			);
			mainGroup = 920B867229AD404E00DAD3C2;
			packageReferences = (
				9254FCED2A54B29B0079F197 /* XCRemoteSwiftPackageReference "swift-snapshot-testing" */,
			);
			productRefGroup = 920B867C29AD404E00DAD3C2 /* Products */;
			projectDirPath = "";
			projectRoot = "";
			targets = (
				920B867A29AD404E00DAD3C2 /* TrackerApp */,
				9254FCF32A54B2CA0079F197 /* TrackerAppTests */,
			);
		};
/* End PBXProject section */

/* Begin PBXResourcesBuildPhase section */
		920B867929AD404E00DAD3C2 /* Resources */ = {
			isa = PBXResourcesBuildPhase;
			buildActionMask = 2147483647;
			files = (
				920B868B29AD404E00DAD3C2 /* LaunchScreen.storyboard in Resources */,
				927BA0B52A4A0630000D79E3 /* InfoPlist.strings in Resources */,
				9275A7B729C0CF4700F7FD64 /* YS Display-Bold.ttf in Resources */,
				9275A7BB29C0EEF800F7FD64 /* YS Display Regular.ttf in Resources */,
				920B868829AD404E00DAD3C2 /* Assets.xcassets in Resources */,
				927BA0BB2A4A22EB000D79E3 /* Localizable.strings in Resources */,
				9275A7BD29C1FEA900F7FD64 /* YS Display-Medium.ttf in Resources */,
				925D35D92A0537F900A20506 /* Localizable.stringsdict in Resources */,
			);
			runOnlyForDeploymentPostprocessing = 0;
		};
		9254FCF22A54B2CA0079F197 /* Resources */ = {
			isa = PBXResourcesBuildPhase;
			buildActionMask = 2147483647;
			files = (
			);
			runOnlyForDeploymentPostprocessing = 0;
		};
/* End PBXResourcesBuildPhase section */

/* Begin PBXShellScriptBuildPhase section */
		7B33559363CF98FBDFB6AF18 /* [CP] Embed Pods Frameworks */ = {
			isa = PBXShellScriptBuildPhase;
			buildActionMask = 2147483647;
			files = (
			);
			inputFileListPaths = (
				"${PODS_ROOT}/Target Support Files/Pods-TrackerApp/Pods-TrackerApp-frameworks-${CONFIGURATION}-input-files.xcfilelist",
			);
			name = "[CP] Embed Pods Frameworks";
			outputFileListPaths = (
				"${PODS_ROOT}/Target Support Files/Pods-TrackerApp/Pods-TrackerApp-frameworks-${CONFIGURATION}-output-files.xcfilelist",
			);
			runOnlyForDeploymentPostprocessing = 0;
			shellPath = /bin/sh;
			shellScript = "\"${PODS_ROOT}/Target Support Files/Pods-TrackerApp/Pods-TrackerApp-frameworks.sh\"\n";
			showEnvVarsInLog = 0;
		};
		DB2D0B8DA049B8BE13E9EEF4 /* [CP] Check Pods Manifest.lock */ = {
			isa = PBXShellScriptBuildPhase;
			buildActionMask = 2147483647;
			files = (
			);
			inputFileListPaths = (
			);
			inputPaths = (
				"${PODS_PODFILE_DIR_PATH}/Podfile.lock",
				"${PODS_ROOT}/Manifest.lock",
			);
			name = "[CP] Check Pods Manifest.lock";
			outputFileListPaths = (
			);
			outputPaths = (
				"$(DERIVED_FILE_DIR)/Pods-TrackerApp-checkManifestLockResult.txt",
			);
			runOnlyForDeploymentPostprocessing = 0;
			shellPath = /bin/sh;
			shellScript = "diff \"${PODS_PODFILE_DIR_PATH}/Podfile.lock\" \"${PODS_ROOT}/Manifest.lock\" > /dev/null\nif [ $? != 0 ] ; then\n    # print error to STDERR\n    echo \"error: The sandbox is not in sync with the Podfile.lock. Run 'pod install' or update your CocoaPods installation.\" >&2\n    exit 1\nfi\n# This output is used by Xcode 'outputs' to avoid re-running this script phase.\necho \"SUCCESS\" > \"${SCRIPT_OUTPUT_FILE_0}\"\n";
			showEnvVarsInLog = 0;
		};
/* End PBXShellScriptBuildPhase section */

/* Begin PBXSourcesBuildPhase section */
		920B867729AD404E00DAD3C2 /* Sources */ = {
			isa = PBXSourcesBuildPhase;
			buildActionMask = 2147483647;
			files = (
				92DB0DDF29FEB84000877A94 /* UserDefaults+Extensions.swift in Sources */,
				9275A7DC29C98B4A00F7FD64 /* SupplementaryView.swift in Sources */,
				9275A81529D2FE8000F7FD64 /* NewCategoryViewController.swift in Sources */,
				9256644629F2BF5E00C12005 /* TrackerStoreDelegate.swift in Sources */,
				9275A7D429C4C5DD00F7FD64 /* UIView+Extensions.swift in Sources */,
				9254FD182A5B44D70079F197 /* AlertPresenterProtocol.swift in Sources */,
				9256642429F03CAA00C12005 /* Model.xcdatamodeld in Sources */,
				9275A7C829C3510700F7FD64 /* TrackerCategory.swift in Sources */,
				9254FD0A2A573FE10079F197 /* Statistics.swift in Sources */,
				927BA0C62A4ACEDC000D79E3 /* Constants.swift in Sources */,
				927BA0C42A4A2E2B000D79E3 /* Fonts.swift in Sources */,
				9256644329F2BEC000C12005 /* CategoryStoreProtocol.swift in Sources */,
				9256644A29F2BFC700C12005 /* TrackerStoreError.swift in Sources */,
				92D0E4342A0245BE00152FB6 /* OnboardingPage.swift in Sources */,
				920B868329AD404E00DAD3C2 /* TrackersViewController.swift in Sources */,
				9256642729F0407100C12005 /* UIColorMarshalling.swift in Sources */,
				9254FCE92A4CC80E0079F197 /* AnalyticsService.swift in Sources */,
				9275A7B529C0C99C00F7FD64 /* UIColor+Extensions.swift in Sources */,
				9275A7AB29C0698A00F7FD64 /* TabBarController.swift in Sources */,
				9275A81029D2DAD000F7FD64 /* ScheduleViewController.swift in Sources */,
				9256645829F667DD00C12005 /* RecordStoreError.swift in Sources */,
				9256643529F0518600C12005 /* RecordStore.swift in Sources */,
				9275A81D29D5E5F000F7FD64 /* Array+Extensions.swift in Sources */,
				9275A7E029CB08C300F7FD64 /* TrackerCellDelegate.swift in Sources */,
				920B867F29AD404E00DAD3C2 /* AppDelegate.swift in Sources */,
				92D0E42C2A004D0900152FB6 /* ObservableWrapper.swift in Sources */,
				9275A80E29D2D95B00F7FD64 /* CategoriesViewController.swift in Sources */,
				9256644829F2BF9700C12005 /* CategoryStoreDelegate.swift in Sources */,
				9254FD062A558C2E0079F197 /* Filter.swift in Sources */,
				9254FD112A5858750079F197 /* StatisticsServiceProtocol.swift in Sources */,
				9275A7CA29C3569200F7FD64 /* TrackerRecord.swift in Sources */,
				9275A81929D5DF4400F7FD64 /* WeekDay.swift in Sources */,
				9254FD0D2A5855990079F197 /* StatisticsService.swift in Sources */,
				92D0E4322A02449300152FB6 /* OnboardingPageViewController.swift in Sources */,
				9256645629F660B100C12005 /* RecordStoreProtocol.swift in Sources */,
				9275A80C29CE0FBC00F7FD64 /* UIViewController+Extensions.swift in Sources */,
				9254FD162A5B43480079F197 /* AlertPresenter.swift in Sources */,
				9275A7C629C34C7800F7FD64 /* Tracker.swift in Sources */,
				9275A7DA29C8FDAA00F7FD64 /* TrackerCell.swift in Sources */,
				92DB0DDB29FE92E600877A94 /* OnboardingViewController.swift in Sources */,
				9254FD042A55784D0079F197 /* FiltersViewController.swift in Sources */,
				9275A7D629C650E600F7FD64 /* ButtonTableCell.swift in Sources */,
				9256644129F2BE9500C12005 /* TrackerStoreProtocol.swift in Sources */,
				92D0E4362A024B7400152FB6 /* UIFont+Extensions.swift in Sources */,
				9275A7E629CB43BF00F7FD64 /* Date+Extensions.swift in Sources */,
				9256643129F0514900C12005 /* TrackerStore.swift in Sources */,
				9256644C29F2BFEE00C12005 /* CategoryStoreError.swift in Sources */,
				92D0E42A2A0044C300152FB6 /* CategoriesViewModel.swift in Sources */,
				92D0E42E2A00F3FC00152FB6 /* CategoryViewModel.swift in Sources */,
				9275A7AD29C06AD600F7FD64 /* StatisticsViewController.swift in Sources */,
				9256643329F0516B00C12005 /* CategoryStore.swift in Sources */,
				9275A7C329C3132400F7FD64 /* TrackerTypeViewController.swift in Sources */,
				9254FD082A573DD60079F197 /* StatisticsTableCell.swift in Sources */,
				9275A7CE29C3782F00F7FD64 /* UITextField+Extensions.swift in Sources */,
				927BA0C02A4A234B000D79E3 /* Localization.swift in Sources */,
				9275A7CC29C3660700F7FD64 /* TrackerCreationViewController.swift in Sources */,
				9275A7D229C4C5B800F7FD64 /* EmojiAndColorCell.swift in Sources */,
				927BA0C22A4A2992000D79E3 /* Images.swift in Sources */,
				920B868129AD404E00DAD3C2 /* SceneDelegate.swift in Sources */,
				92D0E4302A0179BE00152FB6 /* CategoriesViewModelProtocol.swift in Sources */,
				9254FCEC2A4CCB0C0079F197 /* AnalyticsServiceProtocol.swift in Sources */,
			);
			runOnlyForDeploymentPostprocessing = 0;
		};
		9254FCF02A54B2CA0079F197 /* Sources */ = {
			isa = PBXSourcesBuildPhase;
			buildActionMask = 2147483647;
			files = (
				9254FCF72A54B2CA0079F197 /* TrackerAppTests.swift in Sources */,
			);
			runOnlyForDeploymentPostprocessing = 0;
		};
/* End PBXSourcesBuildPhase section */

/* Begin PBXTargetDependency section */
		9254FCF92A54B2CA0079F197 /* PBXTargetDependency */ = {
			isa = PBXTargetDependency;
			target = 920B867A29AD404E00DAD3C2 /* TrackerApp */;
			targetProxy = 9254FCF82A54B2CA0079F197 /* PBXContainerItemProxy */;
		};
/* End PBXTargetDependency section */

/* Begin PBXVariantGroup section */
		920B868929AD404E00DAD3C2 /* LaunchScreen.storyboard */ = {
			isa = PBXVariantGroup;
			children = (
				920B868A29AD404E00DAD3C2 /* Base */,
			);
			name = LaunchScreen.storyboard;
			sourceTree = "<group>";
		};
		925D35DB2A0537F900A20506 /* Localizable.stringsdict */ = {
			isa = PBXVariantGroup;
			children = (
				925D35DA2A0537F900A20506 /* en */,
				925D35DC2A05381000A20506 /* ru */,
			);
			name = Localizable.stringsdict;
			sourceTree = "<group>";
		};
		927BA0B72A4A0630000D79E3 /* InfoPlist.strings */ = {
			isa = PBXVariantGroup;
			children = (
				927BA0B62A4A0630000D79E3 /* en */,
				927BA0B82A4A0636000D79E3 /* ru */,
			);
			name = InfoPlist.strings;
			sourceTree = "<group>";
		};
		927BA0BD2A4A22EB000D79E3 /* Localizable.strings */ = {
			isa = PBXVariantGroup;
			children = (
				927BA0BC2A4A22EB000D79E3 /* en */,
				927BA0BE2A4A22F0000D79E3 /* ru */,
			);
			name = Localizable.strings;
			sourceTree = "<group>";
		};
/* End PBXVariantGroup section */

/* Begin XCBuildConfiguration section */
		920B868D29AD404E00DAD3C2 /* Debug */ = {
			isa = XCBuildConfiguration;
			buildSettings = {
				ALWAYS_SEARCH_USER_PATHS = NO;
				CLANG_ANALYZER_LOCALIZABILITY_NONLOCALIZED = YES;
				CLANG_ANALYZER_NONNULL = YES;
				CLANG_ANALYZER_NUMBER_OBJECT_CONVERSION = YES_AGGRESSIVE;
				CLANG_CXX_LANGUAGE_STANDARD = "gnu++17";
				CLANG_ENABLE_MODULES = YES;
				CLANG_ENABLE_OBJC_ARC = YES;
				CLANG_ENABLE_OBJC_WEAK = YES;
				CLANG_WARN_BLOCK_CAPTURE_AUTORELEASING = YES;
				CLANG_WARN_BOOL_CONVERSION = YES;
				CLANG_WARN_COMMA = YES;
				CLANG_WARN_CONSTANT_CONVERSION = YES;
				CLANG_WARN_DEPRECATED_OBJC_IMPLEMENTATIONS = YES;
				CLANG_WARN_DIRECT_OBJC_ISA_USAGE = YES_ERROR;
				CLANG_WARN_DOCUMENTATION_COMMENTS = YES;
				CLANG_WARN_EMPTY_BODY = YES;
				CLANG_WARN_ENUM_CONVERSION = YES;
				CLANG_WARN_INFINITE_RECURSION = YES;
				CLANG_WARN_INT_CONVERSION = YES;
				CLANG_WARN_NON_LITERAL_NULL_CONVERSION = YES;
				CLANG_WARN_OBJC_IMPLICIT_RETAIN_SELF = YES;
				CLANG_WARN_OBJC_LITERAL_CONVERSION = YES;
				CLANG_WARN_OBJC_ROOT_CLASS = YES_ERROR;
				CLANG_WARN_QUOTED_INCLUDE_IN_FRAMEWORK_HEADER = YES;
				CLANG_WARN_RANGE_LOOP_ANALYSIS = YES;
				CLANG_WARN_STRICT_PROTOTYPES = YES;
				CLANG_WARN_SUSPICIOUS_MOVE = YES;
				CLANG_WARN_UNGUARDED_AVAILABILITY = YES_AGGRESSIVE;
				CLANG_WARN_UNREACHABLE_CODE = YES;
				CLANG_WARN__DUPLICATE_METHOD_MATCH = YES;
				COPY_PHASE_STRIP = NO;
				DEBUG_INFORMATION_FORMAT = dwarf;
				ENABLE_STRICT_OBJC_MSGSEND = YES;
				ENABLE_TESTABILITY = YES;
				GCC_C_LANGUAGE_STANDARD = gnu11;
				GCC_DYNAMIC_NO_PIC = NO;
				GCC_NO_COMMON_BLOCKS = YES;
				GCC_OPTIMIZATION_LEVEL = 0;
				GCC_PREPROCESSOR_DEFINITIONS = (
					"DEBUG=1",
					"$(inherited)",
				);
				GCC_WARN_64_TO_32_BIT_CONVERSION = YES;
				GCC_WARN_ABOUT_RETURN_TYPE = YES_ERROR;
				GCC_WARN_UNDECLARED_SELECTOR = YES;
				GCC_WARN_UNINITIALIZED_AUTOS = YES_AGGRESSIVE;
				GCC_WARN_UNUSED_FUNCTION = YES;
				GCC_WARN_UNUSED_VARIABLE = YES;
				IPHONEOS_DEPLOYMENT_TARGET = 15.5;
				MTL_ENABLE_DEBUG_INFO = INCLUDE_SOURCE;
				MTL_FAST_MATH = YES;
				ONLY_ACTIVE_ARCH = YES;
				SDKROOT = iphoneos;
				SWIFT_ACTIVE_COMPILATION_CONDITIONS = DEBUG;
				SWIFT_OPTIMIZATION_LEVEL = "-Onone";
			};
			name = Debug;
		};
		920B868E29AD404E00DAD3C2 /* Release */ = {
			isa = XCBuildConfiguration;
			buildSettings = {
				ALWAYS_SEARCH_USER_PATHS = NO;
				CLANG_ANALYZER_LOCALIZABILITY_NONLOCALIZED = YES;
				CLANG_ANALYZER_NONNULL = YES;
				CLANG_ANALYZER_NUMBER_OBJECT_CONVERSION = YES_AGGRESSIVE;
				CLANG_CXX_LANGUAGE_STANDARD = "gnu++17";
				CLANG_ENABLE_MODULES = YES;
				CLANG_ENABLE_OBJC_ARC = YES;
				CLANG_ENABLE_OBJC_WEAK = YES;
				CLANG_WARN_BLOCK_CAPTURE_AUTORELEASING = YES;
				CLANG_WARN_BOOL_CONVERSION = YES;
				CLANG_WARN_COMMA = YES;
				CLANG_WARN_CONSTANT_CONVERSION = YES;
				CLANG_WARN_DEPRECATED_OBJC_IMPLEMENTATIONS = YES;
				CLANG_WARN_DIRECT_OBJC_ISA_USAGE = YES_ERROR;
				CLANG_WARN_DOCUMENTATION_COMMENTS = YES;
				CLANG_WARN_EMPTY_BODY = YES;
				CLANG_WARN_ENUM_CONVERSION = YES;
				CLANG_WARN_INFINITE_RECURSION = YES;
				CLANG_WARN_INT_CONVERSION = YES;
				CLANG_WARN_NON_LITERAL_NULL_CONVERSION = YES;
				CLANG_WARN_OBJC_IMPLICIT_RETAIN_SELF = YES;
				CLANG_WARN_OBJC_LITERAL_CONVERSION = YES;
				CLANG_WARN_OBJC_ROOT_CLASS = YES_ERROR;
				CLANG_WARN_QUOTED_INCLUDE_IN_FRAMEWORK_HEADER = YES;
				CLANG_WARN_RANGE_LOOP_ANALYSIS = YES;
				CLANG_WARN_STRICT_PROTOTYPES = YES;
				CLANG_WARN_SUSPICIOUS_MOVE = YES;
				CLANG_WARN_UNGUARDED_AVAILABILITY = YES_AGGRESSIVE;
				CLANG_WARN_UNREACHABLE_CODE = YES;
				CLANG_WARN__DUPLICATE_METHOD_MATCH = YES;
				COPY_PHASE_STRIP = NO;
				DEBUG_INFORMATION_FORMAT = "dwarf-with-dsym";
				ENABLE_NS_ASSERTIONS = NO;
				ENABLE_STRICT_OBJC_MSGSEND = YES;
				GCC_C_LANGUAGE_STANDARD = gnu11;
				GCC_NO_COMMON_BLOCKS = YES;
				GCC_WARN_64_TO_32_BIT_CONVERSION = YES;
				GCC_WARN_ABOUT_RETURN_TYPE = YES_ERROR;
				GCC_WARN_UNDECLARED_SELECTOR = YES;
				GCC_WARN_UNINITIALIZED_AUTOS = YES_AGGRESSIVE;
				GCC_WARN_UNUSED_FUNCTION = YES;
				GCC_WARN_UNUSED_VARIABLE = YES;
				IPHONEOS_DEPLOYMENT_TARGET = 15.5;
				MTL_ENABLE_DEBUG_INFO = NO;
				MTL_FAST_MATH = YES;
				SDKROOT = iphoneos;
				SWIFT_COMPILATION_MODE = wholemodule;
				SWIFT_OPTIMIZATION_LEVEL = "-O";
				VALIDATE_PRODUCT = YES;
			};
			name = Release;
		};
		920B869029AD404E00DAD3C2 /* Debug */ = {
			isa = XCBuildConfiguration;
			baseConfigurationReference = D46DAE6845E1A2DD7EB77D5D /* Pods-TrackerApp.debug.xcconfig */;
			buildSettings = {
				ASSETCATALOG_COMPILER_APPICON_NAME = AppIcon;
				ASSETCATALOG_COMPILER_GLOBAL_ACCENT_COLOR_NAME = AccentColor;
				CODE_SIGN_STYLE = Automatic;
				CURRENT_PROJECT_VERSION = 1;
				DEVELOPMENT_TEAM = JL5AZQCU9T;
				GENERATE_INFOPLIST_FILE = YES;
				INFOPLIST_FILE = TrackerApp/Info.plist;
				INFOPLIST_KEY_UIApplicationSupportsIndirectInputEvents = YES;
				INFOPLIST_KEY_UILaunchStoryboardName = LaunchScreen;
				INFOPLIST_KEY_UIMainStoryboardFile = "";
				INFOPLIST_KEY_UISupportedInterfaceOrientations = UIInterfaceOrientationPortrait;
				INFOPLIST_KEY_UISupportedInterfaceOrientations_iPad = "UIInterfaceOrientationPortrait UIInterfaceOrientationPortraitUpsideDown UIInterfaceOrientationLandscapeLeft UIInterfaceOrientationLandscapeRight";
				INFOPLIST_KEY_UISupportedInterfaceOrientations_iPhone = UIInterfaceOrientationPortrait;
				IPHONEOS_DEPLOYMENT_TARGET = 13.4;
				LD_RUNPATH_SEARCH_PATHS = (
					"$(inherited)",
					"@executable_path/Frameworks",
				);
				MARKETING_VERSION = 1.0;
				PRODUCT_BUNDLE_IDENTIFIER = dev.demidengo.TrackerApp;
				PRODUCT_NAME = "$(TARGET_NAME)";
				SUPPORTED_PLATFORMS = "iphoneos iphonesimulator";
				SUPPORTS_MACCATALYST = NO;
				SUPPORTS_MAC_DESIGNED_FOR_IPHONE_IPAD = NO;
				SWIFT_EMIT_LOC_STRINGS = YES;
				SWIFT_VERSION = 5.0;
				TARGETED_DEVICE_FAMILY = 1;
			};
			name = Debug;
		};
		920B869129AD404E00DAD3C2 /* Release */ = {
			isa = XCBuildConfiguration;
			baseConfigurationReference = A48ADC9FE8D37860E97AC529 /* Pods-TrackerApp.release.xcconfig */;
			buildSettings = {
				ASSETCATALOG_COMPILER_APPICON_NAME = AppIcon;
				ASSETCATALOG_COMPILER_GLOBAL_ACCENT_COLOR_NAME = AccentColor;
				CODE_SIGN_STYLE = Automatic;
				CURRENT_PROJECT_VERSION = 1;
				DEVELOPMENT_TEAM = JL5AZQCU9T;
				GENERATE_INFOPLIST_FILE = YES;
				INFOPLIST_FILE = TrackerApp/Info.plist;
				INFOPLIST_KEY_UIApplicationSupportsIndirectInputEvents = YES;
				INFOPLIST_KEY_UILaunchStoryboardName = LaunchScreen;
				INFOPLIST_KEY_UIMainStoryboardFile = "";
				INFOPLIST_KEY_UISupportedInterfaceOrientations = UIInterfaceOrientationPortrait;
				INFOPLIST_KEY_UISupportedInterfaceOrientations_iPad = "UIInterfaceOrientationPortrait UIInterfaceOrientationPortraitUpsideDown UIInterfaceOrientationLandscapeLeft UIInterfaceOrientationLandscapeRight";
				INFOPLIST_KEY_UISupportedInterfaceOrientations_iPhone = UIInterfaceOrientationPortrait;
				IPHONEOS_DEPLOYMENT_TARGET = 13.4;
				LD_RUNPATH_SEARCH_PATHS = (
					"$(inherited)",
					"@executable_path/Frameworks",
				);
				MARKETING_VERSION = 1.0;
				PRODUCT_BUNDLE_IDENTIFIER = dev.demidengo.TrackerApp;
				PRODUCT_NAME = "$(TARGET_NAME)";
				SUPPORTED_PLATFORMS = "iphoneos iphonesimulator";
				SUPPORTS_MACCATALYST = NO;
				SUPPORTS_MAC_DESIGNED_FOR_IPHONE_IPAD = NO;
				SWIFT_EMIT_LOC_STRINGS = YES;
				SWIFT_VERSION = 5.0;
				TARGETED_DEVICE_FAMILY = 1;
			};
			name = Release;
		};
		9254FCFB2A54B2CA0079F197 /* Debug */ = {
			isa = XCBuildConfiguration;
			buildSettings = {
				BUNDLE_LOADER = "$(TEST_HOST)";
				CLANG_CXX_LANGUAGE_STANDARD = "gnu++20";
				CODE_SIGN_STYLE = Automatic;
				CURRENT_PROJECT_VERSION = 1;
				DEVELOPMENT_TEAM = JL5AZQCU9T;
				GENERATE_INFOPLIST_FILE = YES;
				IPHONEOS_DEPLOYMENT_TARGET = 16.2;
				MARKETING_VERSION = 1.0;
				PRODUCT_BUNDLE_IDENTIFIER = dev.demidengo.TrackerAppTests;
				PRODUCT_NAME = "$(TARGET_NAME)";
				SWIFT_EMIT_LOC_STRINGS = NO;
				SWIFT_VERSION = 5.0;
				TARGETED_DEVICE_FAMILY = "1,2";
				TEST_HOST = "$(BUILT_PRODUCTS_DIR)/TrackerApp.app/$(BUNDLE_EXECUTABLE_FOLDER_PATH)/TrackerApp";
			};
			name = Debug;
		};
		9254FCFC2A54B2CA0079F197 /* Release */ = {
			isa = XCBuildConfiguration;
			buildSettings = {
				BUNDLE_LOADER = "$(TEST_HOST)";
				CLANG_CXX_LANGUAGE_STANDARD = "gnu++20";
				CODE_SIGN_STYLE = Automatic;
				CURRENT_PROJECT_VERSION = 1;
				DEVELOPMENT_TEAM = JL5AZQCU9T;
				GENERATE_INFOPLIST_FILE = YES;
				IPHONEOS_DEPLOYMENT_TARGET = 16.2;
				MARKETING_VERSION = 1.0;
				PRODUCT_BUNDLE_IDENTIFIER = dev.demidengo.TrackerAppTests;
				PRODUCT_NAME = "$(TARGET_NAME)";
				SWIFT_EMIT_LOC_STRINGS = NO;
				SWIFT_VERSION = 5.0;
				TARGETED_DEVICE_FAMILY = "1,2";
				TEST_HOST = "$(BUILT_PRODUCTS_DIR)/TrackerApp.app/$(BUNDLE_EXECUTABLE_FOLDER_PATH)/TrackerApp";
			};
			name = Release;
		};
/* End XCBuildConfiguration section */

/* Begin XCConfigurationList section */
		920B867629AD404E00DAD3C2 /* Build configuration list for PBXProject "TrackerApp" */ = {
			isa = XCConfigurationList;
			buildConfigurations = (
				920B868D29AD404E00DAD3C2 /* Debug */,
				920B868E29AD404E00DAD3C2 /* Release */,
			);
			defaultConfigurationIsVisible = 0;
			defaultConfigurationName = Release;
		};
		920B868F29AD404E00DAD3C2 /* Build configuration list for PBXNativeTarget "TrackerApp" */ = {
			isa = XCConfigurationList;
			buildConfigurations = (
				920B869029AD404E00DAD3C2 /* Debug */,
				920B869129AD404E00DAD3C2 /* Release */,
			);
			defaultConfigurationIsVisible = 0;
			defaultConfigurationName = Release;
		};
		9254FCFA2A54B2CA0079F197 /* Build configuration list for PBXNativeTarget "TrackerAppTests" */ = {
			isa = XCConfigurationList;
			buildConfigurations = (
				9254FCFB2A54B2CA0079F197 /* Debug */,
				9254FCFC2A54B2CA0079F197 /* Release */,
			);
			defaultConfigurationIsVisible = 0;
			defaultConfigurationName = Release;
		};
/* End XCConfigurationList section */

/* Begin XCRemoteSwiftPackageReference section */
		9254FCED2A54B29B0079F197 /* XCRemoteSwiftPackageReference "swift-snapshot-testing" */ = {
			isa = XCRemoteSwiftPackageReference;
			repositoryURL = "https://github.com/pointfreeco/swift-snapshot-testing";
			requirement = {
				kind = exactVersion;
				version = 1.9.0;
			};
		};
/* End XCRemoteSwiftPackageReference section */

/* Begin XCSwiftPackageProductDependency section */
		9254FCFF2A54B32A0079F197 /* SnapshotTesting */ = {
			isa = XCSwiftPackageProductDependency;
			package = 9254FCED2A54B29B0079F197 /* XCRemoteSwiftPackageReference "swift-snapshot-testing" */;
			productName = SnapshotTesting;
		};
/* End XCSwiftPackageProductDependency section */

/* Begin XCVersionGroup section */
		9256642229F03CAA00C12005 /* Model.xcdatamodeld */ = {
			isa = XCVersionGroup;
			children = (
				9256642329F03CAA00C12005 /* Model.xcdatamodel */,
			);
			currentVersion = 9256642329F03CAA00C12005 /* Model.xcdatamodel */;
			path = Model.xcdatamodeld;
			sourceTree = "<group>";
			versionGroupType = wrapper.xcdatamodel;
		};
/* End XCVersionGroup section */
	};
	rootObject = 920B867329AD404E00DAD3C2 /* Project object */;
}
